// !$*UTF8*$!
{
	archiveVersion = 1;
	classes = {
	};
	objectVersion = 77;
	objects = {

/* Begin PBXContainerItemProxy section */
		00D2A5A82CF3DA7200B73611 /* PBXContainerItemProxy */ = {
			isa = PBXContainerItemProxy;
			containerPortal = 00D2A58E2CF3DA6F00B73611 /* Project object */;
			proxyType = 1;
			remoteGlobalIDString = 00D2A5952CF3DA6F00B73611;
			remoteInfo = "time-wealth-tracker";
		};
		00D2A5B22CF3DA7200B73611 /* PBXContainerItemProxy */ = {
			isa = PBXContainerItemProxy;
			containerPortal = 00D2A58E2CF3DA6F00B73611 /* Project object */;
			proxyType = 1;
			remoteGlobalIDString = 00D2A5952CF3DA6F00B73611;
			remoteInfo = "time-wealth-tracker";
		};
/* End PBXContainerItemProxy section */

/* Begin PBXFileReference section */
		00D2A5962CF3DA6F00B73611 /* time-wealth-tracker.app */ = {isa = PBXFileReference; explicitFileType = wrapper.application; includeInIndex = 0; path = "time-wealth-tracker.app"; sourceTree = BUILT_PRODUCTS_DIR; };
		00D2A5A72CF3DA7200B73611 /* time-wealth-trackerTests.xctest */ = {isa = PBXFileReference; explicitFileType = wrapper.cfbundle; includeInIndex = 0; path = "time-wealth-trackerTests.xctest"; sourceTree = BUILT_PRODUCTS_DIR; };
		00D2A5B12CF3DA7200B73611 /* time-wealth-trackerUITests.xctest */ = {isa = PBXFileReference; explicitFileType = wrapper.cfbundle; includeInIndex = 0; path = "time-wealth-trackerUITests.xctest"; sourceTree = BUILT_PRODUCTS_DIR; };
/* End PBXFileReference section */

/* Begin PBXFileSystemSynchronizedRootGroup section */
		00D2A5982CF3DA6F00B73611 /* time-wealth-tracker */ = {
			isa = PBXFileSystemSynchronizedRootGroup;
			path = "time-wealth-tracker";
			sourceTree = "<group>";
		};
		00D2A5AA2CF3DA7200B73611 /* time-wealth-trackerTests */ = {
			isa = PBXFileSystemSynchronizedRootGroup;
			path = "time-wealth-trackerTests";
			sourceTree = "<group>";
		};
		00D2A5B42CF3DA7200B73611 /* time-wealth-trackerUITests */ = {
			isa = PBXFileSystemSynchronizedRootGroup;
			path = "time-wealth-trackerUITests";
			sourceTree = "<group>";
		};
/* End PBXFileSystemSynchronizedRootGroup section */

/* Begin PBXFrameworksBuildPhase section */
		00D2A5932CF3DA6F00B73611 /* Frameworks */ = {
			isa = PBXFrameworksBuildPhase;
			buildActionMask = 2147483647;
			files = (
			);
			runOnlyForDeploymentPostprocessing = 0;
		};
		00D2A5A42CF3DA7200B73611 /* Frameworks */ = {
			isa = PBXFrameworksBuildPhase;
			buildActionMask = 2147483647;
			files = (
			);
			runOnlyForDeploymentPostprocessing = 0;
		};
		00D2A5AE2CF3DA7200B73611 /* Frameworks */ = {
			isa = PBXFrameworksBuildPhase;
			buildActionMask = 2147483647;
			files = (
			);
			runOnlyForDeploymentPostprocessing = 0;
		};
/* End PBXFrameworksBuildPhase section */

/* Begin PBXGroup section */
		00D2A58D2CF3DA6F00B73611 = {
			isa = PBXGroup;
			children = (
				00D2A5982CF3DA6F00B73611 /* time-wealth-tracker */,
				00D2A5AA2CF3DA7200B73611 /* time-wealth-trackerTests */,
				00D2A5B42CF3DA7200B73611 /* time-wealth-trackerUITests */,
				00D2A5972CF3DA6F00B73611 /* Products */,
			);
			sourceTree = "<group>";
		};
		00D2A5972CF3DA6F00B73611 /* Products */ = {
			isa = PBXGroup;
			children = (
				00D2A5962CF3DA6F00B73611 /* time-wealth-tracker.app */,
				00D2A5A72CF3DA7200B73611 /* time-wealth-trackerTests.xctest */,
				00D2A5B12CF3DA7200B73611 /* time-wealth-trackerUITests.xctest */,
			);
			name = Products;
			sourceTree = "<group>";
		};
/* End PBXGroup section */

/* Begin PBXNativeTarget section */
		00D2A5952CF3DA6F00B73611 /* time-wealth-tracker */ = {
			isa = PBXNativeTarget;
			buildConfigurationList = 00D2A5BB2CF3DA7200B73611 /* Build configuration list for PBXNativeTarget "time-wealth-tracker" */;
			buildPhases = (
				00D2A5922CF3DA6F00B73611 /* Sources */,
				00D2A5932CF3DA6F00B73611 /* Frameworks */,
				00D2A5942CF3DA6F00B73611 /* Resources */,
			);
			buildRules = (
			);
			dependencies = (
			);
			fileSystemSynchronizedGroups = (
				00D2A5982CF3DA6F00B73611 /* time-wealth-tracker */,
			);
			name = "time-wealth-tracker";
			packageProductDependencies = (
			);
			productName = "time-wealth-tracker";
			productReference = 00D2A5962CF3DA6F00B73611 /* time-wealth-tracker.app */;
			productType = "com.apple.product-type.application";
		};
		00D2A5A62CF3DA7200B73611 /* time-wealth-trackerTests */ = {
			isa = PBXNativeTarget;
			buildConfigurationList = 00D2A5BE2CF3DA7200B73611 /* Build configuration list for PBXNativeTarget "time-wealth-trackerTests" */;
			buildPhases = (
				00D2A5A32CF3DA7200B73611 /* Sources */,
				00D2A5A42CF3DA7200B73611 /* Frameworks */,
				00D2A5A52CF3DA7200B73611 /* Resources */,
			);
			buildRules = (
			);
			dependencies = (
				00D2A5A92CF3DA7200B73611 /* PBXTargetDependency */,
			);
			fileSystemSynchronizedGroups = (
				00D2A5AA2CF3DA7200B73611 /* time-wealth-trackerTests */,
			);
			name = "time-wealth-trackerTests";
			packageProductDependencies = (
			);
			productName = "time-wealth-trackerTests";
			productReference = 00D2A5A72CF3DA7200B73611 /* time-wealth-trackerTests.xctest */;
			productType = "com.apple.product-type.bundle.unit-test";
		};
		00D2A5B02CF3DA7200B73611 /* time-wealth-trackerUITests */ = {
			isa = PBXNativeTarget;
			buildConfigurationList = 00D2A5C12CF3DA7200B73611 /* Build configuration list for PBXNativeTarget "time-wealth-trackerUITests" */;
			buildPhases = (
				00D2A5AD2CF3DA7200B73611 /* Sources */,
				00D2A5AE2CF3DA7200B73611 /* Frameworks */,
				00D2A5AF2CF3DA7200B73611 /* Resources */,
			);
			buildRules = (
			);
			dependencies = (
				00D2A5B32CF3DA7200B73611 /* PBXTargetDependency */,
			);
			fileSystemSynchronizedGroups = (
				00D2A5B42CF3DA7200B73611 /* time-wealth-trackerUITests */,
			);
			name = "time-wealth-trackerUITests";
			packageProductDependencies = (
			);
			productName = "time-wealth-trackerUITests";
			productReference = 00D2A5B12CF3DA7200B73611 /* time-wealth-trackerUITests.xctest */;
			productType = "com.apple.product-type.bundle.ui-testing";
		};
/* End PBXNativeTarget section */

/* Begin PBXProject section */
		00D2A58E2CF3DA6F00B73611 /* Project object */ = {
			isa = PBXProject;
			attributes = {
				BuildIndependentTargetsInParallel = 1;
				LastSwiftUpdateCheck = 1610;
				LastUpgradeCheck = 1610;
				TargetAttributes = {
					00D2A5952CF3DA6F00B73611 = {
						CreatedOnToolsVersion = 16.1;
					};
					00D2A5A62CF3DA7200B73611 = {
						CreatedOnToolsVersion = 16.1;
						TestTargetID = 00D2A5952CF3DA6F00B73611;
					};
					00D2A5B02CF3DA7200B73611 = {
						CreatedOnToolsVersion = 16.1;
						TestTargetID = 00D2A5952CF3DA6F00B73611;
					};
				};
			};
			buildConfigurationList = 00D2A5912CF3DA6F00B73611 /* Build configuration list for PBXProject "time-wealth-tracker" */;
			developmentRegion = en;
			hasScannedForEncodings = 0;
			knownRegions = (
				en,
				Base,
			);
			mainGroup = 00D2A58D2CF3DA6F00B73611;
			minimizedProjectReferenceProxies = 1;
			preferredProjectObjectVersion = 77;
			productRefGroup = 00D2A5972CF3DA6F00B73611 /* Products */;
			projectDirPath = "";
			projectRoot = "";
			targets = (
				00D2A5952CF3DA6F00B73611 /* time-wealth-tracker */,
				00D2A5A62CF3DA7200B73611 /* time-wealth-trackerTests */,
				00D2A5B02CF3DA7200B73611 /* time-wealth-trackerUITests */,
			);
		};
/* End PBXProject section */

/* Begin PBXResourcesBuildPhase section */
		00D2A5942CF3DA6F00B73611 /* Resources */ = {
			isa = PBXResourcesBuildPhase;
			buildActionMask = 2147483647;
			files = (
			);
			runOnlyForDeploymentPostprocessing = 0;
		};
		00D2A5A52CF3DA7200B73611 /* Resources */ = {
			isa = PBXResourcesBuildPhase;
			buildActionMask = 2147483647;
			files = (
			);
			runOnlyForDeploymentPostprocessing = 0;
		};
		00D2A5AF2CF3DA7200B73611 /* Resources */ = {
			isa = PBXResourcesBuildPhase;
			buildActionMask = 2147483647;
			files = (
			);
			runOnlyForDeploymentPostprocessing = 0;
		};
/* End PBXResourcesBuildPhase section */

/* Begin PBXSourcesBuildPhase section */
		00D2A5922CF3DA6F00B73611 /* Sources */ = {
			isa = PBXSourcesBuildPhase;
			buildActionMask = 2147483647;
			files = (
			);
			runOnlyForDeploymentPostprocessing = 0;
		};
		00D2A5A32CF3DA7200B73611 /* Sources */ = {
			isa = PBXSourcesBuildPhase;
			buildActionMask = 2147483647;
			files = (
			);
			runOnlyForDeploymentPostprocessing = 0;
		};
		00D2A5AD2CF3DA7200B73611 /* Sources */ = {
			isa = PBXSourcesBuildPhase;
			buildActionMask = 2147483647;
			files = (
			);
			runOnlyForDeploymentPostprocessing = 0;
		};
/* End PBXSourcesBuildPhase section */

/* Begin PBXTargetDependency section */
		00D2A5A92CF3DA7200B73611 /* PBXTargetDependency */ = {
			isa = PBXTargetDependency;
			target = 00D2A5952CF3DA6F00B73611 /* time-wealth-tracker */;
			targetProxy = 00D2A5A82CF3DA7200B73611 /* PBXContainerItemProxy */;
		};
		00D2A5B32CF3DA7200B73611 /* PBXTargetDependency */ = {
			isa = PBXTargetDependency;
			target = 00D2A5952CF3DA6F00B73611 /* time-wealth-tracker */;
			targetProxy = 00D2A5B22CF3DA7200B73611 /* PBXContainerItemProxy */;
		};
/* End PBXTargetDependency section */

/* Begin XCBuildConfiguration section */
		00D2A5B92CF3DA7200B73611 /* Debug */ = {
			isa = XCBuildConfiguration;
			buildSettings = {
				ALWAYS_SEARCH_USER_PATHS = NO;
				ASSETCATALOG_COMPILER_GENERATE_SWIFT_ASSET_SYMBOL_EXTENSIONS = YES;
				CLANG_ANALYZER_NONNULL = YES;
				CLANG_ANALYZER_NUMBER_OBJECT_CONVERSION = YES_AGGRESSIVE;
				CLANG_CXX_LANGUAGE_STANDARD = "gnu++20";
				CLANG_ENABLE_MODULES = YES;
				CLANG_ENABLE_OBJC_ARC = YES;
				CLANG_ENABLE_OBJC_WEAK = YES;
				CLANG_WARN_BLOCK_CAPTURE_AUTORELEASING = YES;
				CLANG_WARN_BOOL_CONVERSION = YES;
				CLANG_WARN_COMMA = YES;
				CLANG_WARN_CONSTANT_CONVERSION = YES;
				CLANG_WARN_DEPRECATED_OBJC_IMPLEMENTATIONS = YES;
				CLANG_WARN_DIRECT_OBJC_ISA_USAGE = YES_ERROR;
				CLANG_WARN_DOCUMENTATION_COMMENTS = YES;
				CLANG_WARN_EMPTY_BODY = YES;
				CLANG_WARN_ENUM_CONVERSION = YES;
				CLANG_WARN_INFINITE_RECURSION = YES;
				CLANG_WARN_INT_CONVERSION = YES;
				CLANG_WARN_NON_LITERAL_NULL_CONVERSION = YES;
				CLANG_WARN_OBJC_IMPLICIT_RETAIN_SELF = YES;
				CLANG_WARN_OBJC_LITERAL_CONVERSION = YES;
				CLANG_WARN_OBJC_ROOT_CLASS = YES_ERROR;
				CLANG_WARN_QUOTED_INCLUDE_IN_FRAMEWORK_HEADER = YES;
				CLANG_WARN_RANGE_LOOP_ANALYSIS = YES;
				CLANG_WARN_STRICT_PROTOTYPES = YES;
				CLANG_WARN_SUSPICIOUS_MOVE = YES;
				CLANG_WARN_UNGUARDED_AVAILABILITY = YES_AGGRESSIVE;
				CLANG_WARN_UNREACHABLE_CODE = YES;
				CLANG_WARN__DUPLICATE_METHOD_MATCH = YES;
				COPY_PHASE_STRIP = NO;
				DEBUG_INFORMATION_FORMAT = dwarf;
				ENABLE_STRICT_OBJC_MSGSEND = YES;
				ENABLE_TESTABILITY = YES;
				ENABLE_USER_SCRIPT_SANDBOXING = YES;
				GCC_C_LANGUAGE_STANDARD = gnu17;
				GCC_DYNAMIC_NO_PIC = NO;
				GCC_NO_COMMON_BLOCKS = YES;
				GCC_OPTIMIZATION_LEVEL = 0;
				GCC_PREPROCESSOR_DEFINITIONS = (
					"DEBUG=1",
					"$(inherited)",
				);
				GCC_WARN_64_TO_32_BIT_CONVERSION = YES;
				GCC_WARN_ABOUT_RETURN_TYPE = YES_ERROR;
				GCC_WARN_UNDECLARED_SELECTOR = YES;
				GCC_WARN_UNINITIALIZED_AUTOS = YES_AGGRESSIVE;
				GCC_WARN_UNUSED_FUNCTION = YES;
				GCC_WARN_UNUSED_VARIABLE = YES;
				LOCALIZATION_PREFERS_STRING_CATALOGS = YES;
				MTL_ENABLE_DEBUG_INFO = INCLUDE_SOURCE;
				MTL_FAST_MATH = YES;
				ONLY_ACTIVE_ARCH = YES;
				SWIFT_ACTIVE_COMPILATION_CONDITIONS = "DEBUG $(inherited)";
				SWIFT_OPTIMIZATION_LEVEL = "-Onone";
			};
			name = Debug;
		};
		00D2A5BA2CF3DA7200B73611 /* Release */ = {
			isa = XCBuildConfiguration;
			buildSettings = {
				ALWAYS_SEARCH_USER_PATHS = NO;
				ASSETCATALOG_COMPILER_GENERATE_SWIFT_ASSET_SYMBOL_EXTENSIONS = YES;
				CLANG_ANALYZER_NONNULL = YES;
				CLANG_ANALYZER_NUMBER_OBJECT_CONVERSION = YES_AGGRESSIVE;
				CLANG_CXX_LANGUAGE_STANDARD = "gnu++20";
				CLANG_ENABLE_MODULES = YES;
				CLANG_ENABLE_OBJC_ARC = YES;
				CLANG_ENABLE_OBJC_WEAK = YES;
				CLANG_WARN_BLOCK_CAPTURE_AUTORELEASING = YES;
				CLANG_WARN_BOOL_CONVERSION = YES;
				CLANG_WARN_COMMA = YES;
				CLANG_WARN_CONSTANT_CONVERSION = YES;
				CLANG_WARN_DEPRECATED_OBJC_IMPLEMENTATIONS = YES;
				CLANG_WARN_DIRECT_OBJC_ISA_USAGE = YES_ERROR;
				CLANG_WARN_DOCUMENTATION_COMMENTS = YES;
				CLANG_WARN_EMPTY_BODY = YES;
				CLANG_WARN_ENUM_CONVERSION = YES;
				CLANG_WARN_INFINITE_RECURSION = YES;
				CLANG_WARN_INT_CONVERSION = YES;
				CLANG_WARN_NON_LITERAL_NULL_CONVERSION = YES;
				CLANG_WARN_OBJC_IMPLICIT_RETAIN_SELF = YES;
				CLANG_WARN_OBJC_LITERAL_CONVERSION = YES;
				CLANG_WARN_OBJC_ROOT_CLASS = YES_ERROR;
				CLANG_WARN_QUOTED_INCLUDE_IN_FRAMEWORK_HEADER = YES;
				CLANG_WARN_RANGE_LOOP_ANALYSIS = YES;
				CLANG_WARN_STRICT_PROTOTYPES = YES;
				CLANG_WARN_SUSPICIOUS_MOVE = YES;
				CLANG_WARN_UNGUARDED_AVAILABILITY = YES_AGGRESSIVE;
				CLANG_WARN_UNREACHABLE_CODE = YES;
				CLANG_WARN__DUPLICATE_METHOD_MATCH = YES;
				COPY_PHASE_STRIP = NO;
				DEBUG_INFORMATION_FORMAT = "dwarf-with-dsym";
				ENABLE_NS_ASSERTIONS = NO;
				ENABLE_STRICT_OBJC_MSGSEND = YES;
				ENABLE_USER_SCRIPT_SANDBOXING = YES;
				GCC_C_LANGUAGE_STANDARD = gnu17;
				GCC_NO_COMMON_BLOCKS = YES;
				GCC_WARN_64_TO_32_BIT_CONVERSION = YES;
				GCC_WARN_ABOUT_RETURN_TYPE = YES_ERROR;
				GCC_WARN_UNDECLARED_SELECTOR = YES;
				GCC_WARN_UNINITIALIZED_AUTOS = YES_AGGRESSIVE;
				GCC_WARN_UNUSED_FUNCTION = YES;
				GCC_WARN_UNUSED_VARIABLE = YES;
				LOCALIZATION_PREFERS_STRING_CATALOGS = YES;
				MTL_ENABLE_DEBUG_INFO = NO;
				MTL_FAST_MATH = YES;
				SWIFT_COMPILATION_MODE = wholemodule;
			};
			name = Release;
		};
		00D2A5BC2CF3DA7200B73611 /* Debug */ = {
			isa = XCBuildConfiguration;
			buildSettings = {
				ASSETCATALOG_COMPILER_APPICON_NAME = AppIcon;
				ASSETCATALOG_COMPILER_GLOBAL_ACCENT_COLOR_NAME = AccentColor;
				CODE_SIGN_ENTITLEMENTS = "time-wealth-tracker/time_wealth_tracker.entitlements";
				CODE_SIGN_STYLE = Automatic;
				CURRENT_PROJECT_VERSION = 1;
				DEVELOPMENT_ASSET_PATHS = "\"time-wealth-tracker/Preview Content\"";
				DEVELOPMENT_TEAM = S5J5NV64CQ;
				ENABLE_PREVIEWS = YES;
				GENERATE_INFOPLIST_FILE = YES;
				"INFOPLIST_KEY_UIApplicationSceneManifest_Generation[sdk=iphoneos*]" = YES;
				"INFOPLIST_KEY_UIApplicationSceneManifest_Generation[sdk=iphonesimulator*]" = YES;
				"INFOPLIST_KEY_UIApplicationSupportsIndirectInputEvents[sdk=iphoneos*]" = YES;
				"INFOPLIST_KEY_UIApplicationSupportsIndirectInputEvents[sdk=iphonesimulator*]" = YES;
				"INFOPLIST_KEY_UILaunchScreen_Generation[sdk=iphoneos*]" = YES;
				"INFOPLIST_KEY_UILaunchScreen_Generation[sdk=iphonesimulator*]" = YES;
				"INFOPLIST_KEY_UIStatusBarStyle[sdk=iphoneos*]" = UIStatusBarStyleDefault;
				"INFOPLIST_KEY_UIStatusBarStyle[sdk=iphonesimulator*]" = UIStatusBarStyleDefault;
				INFOPLIST_KEY_UISupportedInterfaceOrientations_iPad = "UIInterfaceOrientationPortrait UIInterfaceOrientationPortraitUpsideDown UIInterfaceOrientationLandscapeLeft UIInterfaceOrientationLandscapeRight";
				INFOPLIST_KEY_UISupportedInterfaceOrientations_iPhone = "UIInterfaceOrientationPortrait UIInterfaceOrientationLandscapeLeft UIInterfaceOrientationLandscapeRight";
				IPHONEOS_DEPLOYMENT_TARGET = 18.1;
				LD_RUNPATH_SEARCH_PATHS = "@executable_path/Frameworks";
				"LD_RUNPATH_SEARCH_PATHS[sdk=macosx*]" = "@executable_path/../Frameworks";
				MACOSX_DEPLOYMENT_TARGET = 15.0;
				MARKETING_VERSION = 1.0;
				PRODUCT_BUNDLE_IDENTIFIER = "neurospark.time-wealth-tracker";
				PRODUCT_NAME = "$(TARGET_NAME)";
				SDKROOT = auto;
				SUPPORTED_PLATFORMS = "iphoneos iphonesimulator macosx xros xrsimulator";
				SWIFT_EMIT_LOC_STRINGS = YES;
				SWIFT_VERSION = 5.0;
				TARGETED_DEVICE_FAMILY = "1,2,7";
				XROS_DEPLOYMENT_TARGET = 2.1;
			};
			name = Debug;
		};
		00D2A5BD2CF3DA7200B73611 /* Release */ = {
			isa = XCBuildConfiguration;
			buildSettings = {
				ASSETCATALOG_COMPILER_APPICON_NAME = AppIcon;
				ASSETCATALOG_COMPILER_GLOBAL_ACCENT_COLOR_NAME = AccentColor;
				CODE_SIGN_ENTITLEMENTS = "time-wealth-tracker/time_wealth_tracker.entitlements";
				CODE_SIGN_STYLE = Automatic;
				CURRENT_PROJECT_VERSION = 1;
				DEVELOPMENT_ASSET_PATHS = "\"time-wealth-tracker/Preview Content\"";
				DEVELOPMENT_TEAM = S5J5NV64CQ;
				ENABLE_PREVIEWS = YES;
				GENERATE_INFOPLIST_FILE = YES;
				"INFOPLIST_KEY_UIApplicationSceneManifest_Generation[sdk=iphoneos*]" = YES;
				"INFOPLIST_KEY_UIApplicationSceneManifest_Generation[sdk=iphonesimulator*]" = YES;
				"INFOPLIST_KEY_UIApplicationSupportsIndirectInputEvents[sdk=iphoneos*]" = YES;
				"INFOPLIST_KEY_UIApplicationSupportsIndirectInputEvents[sdk=iphonesimulator*]" = YES;
				"INFOPLIST_KEY_UILaunchScreen_Generation[sdk=iphoneos*]" = YES;
				"INFOPLIST_KEY_UILaunchScreen_Generation[sdk=iphonesimulator*]" = YES;
				"INFOPLIST_KEY_UIStatusBarStyle[sdk=iphoneos*]" = UIStatusBarStyleDefault;
				"INFOPLIST_KEY_UIStatusBarStyle[sdk=iphonesimulator*]" = UIStatusBarStyleDefault;
				INFOPLIST_KEY_UISupportedInterfaceOrientations_iPad = "UIInterfaceOrientationPortrait UIInterfaceOrientationPortraitUpsideDown UIInterfaceOrientationLandscapeLeft UIInterfaceOrientationLandscapeRight";
				INFOPLIST_KEY_UISupportedInterfaceOrientations_iPhone = "UIInterfaceOrientationPortrait UIInterfaceOrientationLandscapeLeft UIInterfaceOrientationLandscapeRight";
				IPHONEOS_DEPLOYMENT_TARGET = 18.1;
				LD_RUNPATH_SEARCH_PATHS = "@executable_path/Frameworks";
				"LD_RUNPATH_SEARCH_PATHS[sdk=macosx*]" = "@executable_path/../Frameworks";
				MACOSX_DEPLOYMENT_TARGET = 15.0;
				MARKETING_VERSION = 1.0;
				PRODUCT_BUNDLE_IDENTIFIER = "neurospark.time-wealth-tracker";
				PRODUCT_NAME = "$(TARGET_NAME)";
				SDKROOT = auto;
				SUPPORTED_PLATFORMS = "iphoneos iphonesimulator macosx xros xrsimulator";
				SWIFT_EMIT_LOC_STRINGS = YES;
				SWIFT_VERSION = 5.0;
				TARGETED_DEVICE_FAMILY = "1,2,7";
				XROS_DEPLOYMENT_TARGET = 2.1;
			};
			name = Release;
		};
		00D2A5BF2CF3DA7200B73611 /* Debug */ = {
			isa = XCBuildConfiguration;
			buildSettings = {
				BUNDLE_LOADER = "$(TEST_HOST)";
				CODE_SIGN_STYLE = Automatic;
				CURRENT_PROJECT_VERSION = 1;
				GENERATE_INFOPLIST_FILE = YES;
				IPHONEOS_DEPLOYMENT_TARGET = 18.1;
				MACOSX_DEPLOYMENT_TARGET = 15.0;
				MARKETING_VERSION = 1.0;
				PRODUCT_BUNDLE_IDENTIFIER = "neurospark.time-wealth-trackerTests";
				PRODUCT_NAME = "$(TARGET_NAME)";
				SDKROOT = auto;
				SUPPORTED_PLATFORMS = "iphoneos iphonesimulator macosx xros xrsimulator";
				SWIFT_EMIT_LOC_STRINGS = NO;
				SWIFT_VERSION = 5.0;
				TARGETED_DEVICE_FAMILY = "1,2,7";
				TEST_HOST = "$(BUILT_PRODUCTS_DIR)/time-wealth-tracker.app/$(BUNDLE_EXECUTABLE_FOLDER_PATH)/time-wealth-tracker";
				XROS_DEPLOYMENT_TARGET = 2.1;
			};
			name = Debug;
		};
		00D2A5C02CF3DA7200B73611 /* Release */ = {
			isa = XCBuildConfiguration;
			buildSettings = {
				BUNDLE_LOADER = "$(TEST_HOST)";
				CODE_SIGN_STYLE = Automatic;
				CURRENT_PROJECT_VERSION = 1;
				GENERATE_INFOPLIST_FILE = YES;
				IPHONEOS_DEPLOYMENT_TARGET = 18.1;
				MACOSX_DEPLOYMENT_TARGET = 15.0;
				MARKETING_VERSION = 1.0;
				PRODUCT_BUNDLE_IDENTIFIER = "neurospark.time-wealth-trackerTests";
				PRODUCT_NAME = "$(TARGET_NAME)";
				SDKROOT = auto;
				SUPPORTED_PLATFORMS = "iphoneos iphonesimulator macosx xros xrsimulator";
				SWIFT_EMIT_LOC_STRINGS = NO;
				SWIFT_VERSION = 5.0;
				TARGETED_DEVICE_FAMILY = "1,2,7";
				TEST_HOST = "$(BUILT_PRODUCTS_DIR)/time-wealth-tracker.app/$(BUNDLE_EXECUTABLE_FOLDER_PATH)/time-wealth-tracker";
				XROS_DEPLOYMENT_TARGET = 2.1;
			};
			name = Release;
		};
		00D2A5C22CF3DA7200B73611 /* Debug */ = {
			isa = XCBuildConfiguration;
			buildSettings = {
				CODE_SIGN_STYLE = Automatic;
				CURRENT_PROJECT_VERSION = 1;
				GENERATE_INFOPLIST_FILE = YES;
				IPHONEOS_DEPLOYMENT_TARGET = 18.1;
				MACOSX_DEPLOYMENT_TARGET = 15.0;
				MARKETING_VERSION = 1.0;
				PRODUCT_BUNDLE_IDENTIFIER = "neurospark.time-wealth-trackerUITests";
				PRODUCT_NAME = "$(TARGET_NAME)";
				SDKROOT = auto;
				SUPPORTED_PLATFORMS = "iphoneos iphonesimulator macosx xros xrsimulator";
				SWIFT_EMIT_LOC_STRINGS = NO;
				SWIFT_VERSION = 5.0;
				TARGETED_DEVICE_FAMILY = "1,2,7";
				TEST_TARGET_NAME = "time-wealth-tracker";
				XROS_DEPLOYMENT_TARGET = 2.1;
			};
			name = Debug;
		};
		00D2A5C32CF3DA7200B73611 /* Release */ = {
			isa = XCBuildConfiguration;
			buildSettings = {
				CODE_SIGN_STYLE = Automatic;
				CURRENT_PROJECT_VERSION = 1;
				GENERATE_INFOPLIST_FILE = YES;
				IPHONEOS_DEPLOYMENT_TARGET = 18.1;
				MACOSX_DEPLOYMENT_TARGET = 15.0;
				MARKETING_VERSION = 1.0;
				PRODUCT_BUNDLE_IDENTIFIER = "neurospark.time-wealth-trackerUITests";
				PRODUCT_NAME = "$(TARGET_NAME)";
				SDKROOT = auto;
				SUPPORTED_PLATFORMS = "iphoneos iphonesimulator macosx xros xrsimulator";
				SWIFT_EMIT_LOC_STRINGS = NO;
				SWIFT_VERSION = 5.0;
				TARGETED_DEVICE_FAMILY = "1,2,7";
				TEST_TARGET_NAME = "time-wealth-tracker";
				XROS_DEPLOYMENT_TARGET = 2.1;
			};
			name = Release;
		};
/* End XCBuildConfiguration section */

/* Begin XCConfigurationList section */
		00D2A5912CF3DA6F00B73611 /* Build configuration list for PBXProject "time-wealth-tracker" */ = {
			isa = XCConfigurationList;
			buildConfigurations = (
				00D2A5B92CF3DA7200B73611 /* Debug */,
				00D2A5BA2CF3DA7200B73611 /* Release */,
			);
			defaultConfigurationIsVisible = 0;
			defaultConfigurationName = Release;
		};
		00D2A5BB2CF3DA7200B73611 /* Build configuration list for PBXNativeTarget "time-wealth-tracker" */ = {
			isa = XCConfigurationList;
			buildConfigurations = (
				00D2A5BC2CF3DA7200B73611 /* Debug */,
				00D2A5BD2CF3DA7200B73611 /* Release */,
			);
			defaultConfigurationIsVisible = 0;
			defaultConfigurationName = Release;
		};
		00D2A5BE2CF3DA7200B73611 /* Build configuration list for PBXNativeTarget "time-wealth-trackerTests" */ = {
			isa = XCConfigurationList;
			buildConfigurations = (
				00D2A5BF2CF3DA7200B73611 /* Debug */,
				00D2A5C02CF3DA7200B73611 /* Release */,
			);
			defaultConfigurationIsVisible = 0;
			defaultConfigurationName = Release;
		};
		00D2A5C12CF3DA7200B73611 /* Build configuration list for PBXNativeTarget "time-wealth-trackerUITests" */ = {
			isa = XCConfigurationList;
			buildConfigurations = (
				00D2A5C22CF3DA7200B73611 /* Debug */,
				00D2A5C32CF3DA7200B73611 /* Release */,
			);
			defaultConfigurationIsVisible = 0;
			defaultConfigurationName = Release;
		};
/* End XCConfigurationList section */
	};
	rootObject = 00D2A58E2CF3DA6F00B73611 /* Project object */;
}
